
Microsoft Visual Studio Solution File, Format Version 12.00
# Visual Studio 15
VisualStudioVersion = 15.0.27703.2018
MinimumVisualStudioVersion = 10.0.40219.1
Project("{FAE04EC0-301F-11D3-BF4B-00C04F79EFBC}") = "FormsTD", "FormsTD\FormsTD.csproj", "{7D236044-0181-405A-B81D-A5AB27A8B881}"
EndProject
Global
	GlobalSection(SolutionConfigurationPlatforms) = preSolution
		Debug|Any CPU = Debug|Any CPU
		Release|Any CPU = Release|Any CPU
	EndGlobalSection
	GlobalSection(ProjectConfigurationPlatforms) = postSolution
		{7D236044-0181-405A-B81D-A5AB27A8B881}.Debug|Any CPU.ActiveCfg = Debug|Any CPU
		{7D236044-0181-405A-B81D-A5AB27A8B881}.Debug|Any CPU.Build.0 = Debug|Any CPU
		{7D236044-0181-405A-B81D-A5AB27A8B881}.Release|Any CPU.ActiveCfg = Release|Any CPU
		{7D236044-0181-405A-B81D-A5AB27A8B881}.Release|Any CPU.Build.0 = Release|Any CPU
	EndGlobalSection
	GlobalSection(SolutionProperties) = preSolution
		HideSolutionNode = FALSE
	EndGlobalSection
	GlobalSection(ExtensibilityGlobals) = postSolution
		SolutionGuid = {7B0099DF-760B-46D8-B096-A76C46347284}
	EndGlobalSection
EndGlobal
